{
    "_readme": [
        "This file locks the dependencies of your project to a known state",
        "Read more about it at https://getcomposer.org/doc/01-basic-usage.md#installing-dependencies",
        "This file is @generated automatically"
    ],
    "content-hash": "afd896190ee735b40ef667ad88d70e4d",
    "packages": [
        {
            "name": "laminas/laminas-diactoros",
            "version": "2.6.0",
            "source": {
                "type": "git",
                "url": "https://github.com/laminas/laminas-diactoros.git",
                "reference": "7d2034110ae18afe05050b796a3ee4b3fe177876"
            },
            "dist": {
                "type": "zip",
                "url": "https://api.github.com/repos/laminas/laminas-diactoros/zipball/7d2034110ae18afe05050b796a3ee4b3fe177876",
                "reference": "7d2034110ae18afe05050b796a3ee4b3fe177876",
                "shasum": ""
            },
            "require": {
                "laminas/laminas-zendframework-bridge": "^1.0",
                "php": "^7.3 || ~8.0.0",
                "psr/http-factory": "^1.0",
                "psr/http-message": "^1.0"
            },
            "conflict": {
                "phpspec/prophecy": "<1.9.0"
            },
            "provide": {
                "psr/http-factory-implementation": "1.0",
                "psr/http-message-implementation": "1.0"
            },
            "replace": {
                "zendframework/zend-diactoros": "^2.2.1"
            },
            "require-dev": {
                "ext-curl": "*",
                "ext-dom": "*",
                "ext-gd": "*",
                "ext-libxml": "*",
                "http-interop/http-factory-tests": "^0.8.0",
                "laminas/laminas-coding-standard": "~1.0.0",
                "php-http/psr7-integration-tests": "^1.1",
                "phpspec/prophecy-phpunit": "^2.0",
                "phpunit/phpunit": "^9.1",
                "psalm/plugin-phpunit": "^0.14.0",
                "vimeo/psalm": "^4.3"
            },
            "type": "library",
            "extra": {
                "laminas": {
                    "config-provider": "Laminas\\Diactoros\\ConfigProvider",
                    "module": "Laminas\\Diactoros"
                }
            },
            "autoload": {
                "files": [
                    "src/functions/create_uploaded_file.php",
                    "src/functions/marshal_headers_from_sapi.php",
                    "src/functions/marshal_method_from_sapi.php",
                    "src/functions/marshal_protocol_version_from_sapi.php",
                    "src/functions/marshal_uri_from_sapi.php",
                    "src/functions/normalize_server.php",
                    "src/functions/normalize_uploaded_files.php",
                    "src/functions/parse_cookie_header.php",
                    "src/functions/create_uploaded_file.legacy.php",
                    "src/functions/marshal_headers_from_sapi.legacy.php",
                    "src/functions/marshal_method_from_sapi.legacy.php",
                    "src/functions/marshal_protocol_version_from_sapi.legacy.php",
                    "src/functions/marshal_uri_from_sapi.legacy.php",
                    "src/functions/normalize_server.legacy.php",
                    "src/functions/normalize_uploaded_files.legacy.php",
                    "src/functions/parse_cookie_header.legacy.php"
                ],
                "psr-4": {
                    "Laminas\\Diactoros\\": "src/"
                }
            },
            "notification-url": "https://packagist.org/downloads/",
            "license": [
                "BSD-3-Clause"
            ],
            "description": "PSR HTTP Message implementations",
            "homepage": "https://laminas.dev",
            "keywords": [
                "http",
                "laminas",
                "psr",
                "psr-17",
                "psr-7"
            ],
            "support": {
                "chat": "https://laminas.dev/chat",
                "docs": "https://docs.laminas.dev/laminas-diactoros/",
                "forum": "https://discourse.laminas.dev",
                "issues": "https://github.com/laminas/laminas-diactoros/issues",
                "rss": "https://github.com/laminas/laminas-diactoros/releases.atom",
                "source": "https://github.com/laminas/laminas-diactoros"
            },
            "funding": [
                {
                    "url": "https://funding.communitybridge.org/projects/laminas-project",
                    "type": "community_bridge"
                }
            ],
            "time": "2021-05-18T14:41:54+00:00"
        },
        {
            "name": "laminas/laminas-zendframework-bridge",
            "version": "1.3.0",
            "source": {
                "type": "git",
                "url": "https://github.com/laminas/laminas-zendframework-bridge.git",
                "reference": "13af2502d9bb6f7d33be2de4b51fb68c6cdb476e"
            },
            "dist": {
                "type": "zip",
                "url": "https://api.github.com/repos/laminas/laminas-zendframework-bridge/zipball/13af2502d9bb6f7d33be2de4b51fb68c6cdb476e",
                "reference": "13af2502d9bb6f7d33be2de4b51fb68c6cdb476e",
                "shasum": ""
            },
            "require": {
                "php": "^7.3 || ^8.0"
            },
            "require-dev": {
                "phpunit/phpunit": "^5.7 || ^6.5 || ^7.5 || ^8.1 || ^9.3",
                "psalm/plugin-phpunit": "^0.15.1",
                "squizlabs/php_codesniffer": "^3.5",
                "vimeo/psalm": "^4.6"
            },
            "type": "library",
            "extra": {
                "laminas": {
                    "module": "Laminas\\ZendFrameworkBridge"
                }
            },
            "autoload": {
                "files": [
                    "src/autoload.php"
                ],
                "psr-4": {
                    "Laminas\\ZendFrameworkBridge\\": "src//"
                }
            },
            "notification-url": "https://packagist.org/downloads/",
            "license": [
                "BSD-3-Clause"
            ],
            "description": "Alias legacy ZF class names to Laminas Project equivalents.",
            "keywords": [
                "ZendFramework",
                "autoloading",
                "laminas",
                "zf"
            ],
            "support": {
                "forum": "https://discourse.laminas.dev/",
                "issues": "https://github.com/laminas/laminas-zendframework-bridge/issues",
                "rss": "https://github.com/laminas/laminas-zendframework-bridge/releases.atom",
                "source": "https://github.com/laminas/laminas-zendframework-bridge"
            },
            "funding": [
                {
                    "url": "https://funding.communitybridge.org/projects/laminas-project",
                    "type": "community_bridge"
                }
            ],
            "time": "2021-06-24T12:49:22+00:00"
        },
        {
            "name": "mathsgod/html",
            "version": "1.0.14",
            "source": {
                "type": "git",
                "url": "https://github.com/mathsgod/html.git",
                "reference": "10d557f96a2720d499cc42ac8ef4adb3bad47f23"
            },
            "dist": {
                "type": "zip",
                "url": "https://api.github.com/repos/mathsgod/html/zipball/10d557f96a2720d499cc42ac8ef4adb3bad47f23",
                "reference": "10d557f96a2720d499cc42ac8ef4adb3bad47f23",
                "shasum": ""
            },
            "type": "library",
            "autoload": {
                "files": [
                    "function.php"
                ],
                "psr-4": {
                    "HTML\\": "src/"
                }
            },
            "notification-url": "https://packagist.org/downloads/",
            "license": [
                "proprietary"
            ],
            "authors": [
                {
                    "name": "Raymond Chong",
                    "email": "raymond@hostlink.com.hk",
                    "homepage": "https://raymond.hostlink.com.hk",
                    "role": "Analyst programmer"
                }
            ],
            "support": {
                "issues": "https://github.com/mathsgod/html/issues",
                "source": "https://github.com/mathsgod/html/tree/1.0.14"
            },
            "time": "2020-12-29T03:04:12+00:00"
        },
        {
            "name": "mathsgod/php-psr7",
            "version": "2.0.0",
            "source": {
                "type": "git",
                "url": "https://github.com/mathsgod/php-psr7.git",
                "reference": "6737d7942c9e4f1875a680e92cc18e460fe40f3a"
            },
            "dist": {
                "type": "zip",
                "url": "https://api.github.com/repos/mathsgod/php-psr7/zipball/6737d7942c9e4f1875a680e92cc18e460fe40f3a",
                "reference": "6737d7942c9e4f1875a680e92cc18e460fe40f3a",
                "shasum": ""
            },
            "require": {
                "laminas/laminas-diactoros": "^2.6",
                "php": ">=7.0",
                "psr/http-message": "^1.0"
            },
            "require-dev": {
                "phpunit/phpunit": "^9.5"
            },
            "type": "library",
            "autoload": {
                "psr-4": {
                    "PHP\\Psr7\\": "src/"
                },
                "files": [
                    "function/function.php"
                ]
            },
            "notification-url": "https://packagist.org/downloads/",
            "license": [
                "MIT"
            ],
            "authors": [
                {
                    "name": "Raymond Chong",
                    "email": "mathsgod@yahoo.com"
                }
            ],
            "description": "A standard implementation of php psr7",
            "support": {
                "issues": "https://github.com/mathsgod/php-psr7/issues",
                "source": "https://github.com/mathsgod/php-psr7/tree/2.0.0"
            },
            "time": "2021-08-19T05:01:38+00:00"
        },
        {
            "name": "psr/http-factory",
            "version": "1.0.1",
            "source": {
                "type": "git",
                "url": "https://github.com/php-fig/http-factory.git",
                "reference": "12ac7fcd07e5b077433f5f2bee95b3a771bf61be"
            },
            "dist": {
                "type": "zip",
                "url": "https://api.github.com/repos/php-fig/http-factory/zipball/12ac7fcd07e5b077433f5f2bee95b3a771bf61be",
                "reference": "12ac7fcd07e5b077433f5f2bee95b3a771bf61be",
                "shasum": ""
            },
            "require": {
                "php": ">=7.0.0",
                "psr/http-message": "^1.0"
            },
            "type": "library",
            "extra": {
                "branch-alias": {
                    "dev-master": "1.0.x-dev"
                }
            },
            "autoload": {
                "psr-4": {
                    "Psr\\Http\\Message\\": "src/"
                }
            },
            "notification-url": "https://packagist.org/downloads/",
            "license": [
                "MIT"
            ],
            "authors": [
                {
                    "name": "PHP-FIG",
                    "homepage": "http://www.php-fig.org/"
                }
            ],
            "description": "Common interfaces for PSR-7 HTTP message factories",
            "keywords": [
                "factory",
                "http",
                "message",
                "psr",
                "psr-17",
                "psr-7",
                "request",
                "response"
            ],
            "support": {
                "source": "https://github.com/php-fig/http-factory/tree/master"
            },
            "time": "2019-04-30T12:38:16+00:00"
        },
        {
            "name": "psr/http-message",
            "version": "1.0.1",
            "source": {
                "type": "git",
                "url": "https://github.com/php-fig/http-message.git",
                "reference": "f6561bf28d520154e4b0ec72be95418abe6d9363"
            },
            "dist": {
                "type": "zip",
                "url": "https://api.github.com/repos/php-fig/http-message/zipball/f6561bf28d520154e4b0ec72be95418abe6d9363",
                "reference": "f6561bf28d520154e4b0ec72be95418abe6d9363",
                "shasum": ""
            },
            "require": {
                "php": ">=5.3.0"
            },
            "type": "library",
            "extra": {
                "branch-alias": {
                    "dev-master": "1.0.x-dev"
                }
            },
            "autoload": {
                "psr-4": {
                    "Psr\\Http\\Message\\": "src/"
                }
            },
            "notification-url": "https://packagist.org/downloads/",
            "license": [
                "MIT"
            ],
            "authors": [
                {
                    "name": "PHP-FIG",
                    "homepage": "http://www.php-fig.org/"
                }
            ],
            "description": "Common interface for HTTP messages",
            "homepage": "https://github.com/php-fig/http-message",
            "keywords": [
                "http",
                "http-message",
                "psr",
                "psr-7",
                "request",
                "response"
            ],
            "support": {
                "source": "https://github.com/php-fig/http-message/tree/master"
            },
            "time": "2016-08-06T14:39:51+00:00"
        },
        {
            "name": "symfony/polyfill-ctype",
            "version": "v1.22.1",
            "source": {
                "type": "git",
                "url": "https://github.com/symfony/polyfill-ctype.git",
                "reference": "c6c942b1ac76c82448322025e084cadc56048b4e"
            },
            "dist": {
                "type": "zip",
                "url": "https://api.github.com/repos/symfony/polyfill-ctype/zipball/c6c942b1ac76c82448322025e084cadc56048b4e",
                "reference": "c6c942b1ac76c82448322025e084cadc56048b4e",
                "shasum": ""
            },
            "require": {
                "php": ">=7.1"
            },
            "suggest": {
                "ext-ctype": "For best performance"
            },
            "type": "library",
            "extra": {
                "branch-alias": {
                    "dev-main": "1.22-dev"
                },
                "thanks": {
                    "name": "symfony/polyfill",
                    "url": "https://github.com/symfony/polyfill"
                }
            },
            "autoload": {
                "psr-4": {
                    "Symfony\\Polyfill\\Ctype\\": ""
                },
                "files": [
                    "bootstrap.php"
                ]
            },
            "notification-url": "https://packagist.org/downloads/",
            "license": [
                "MIT"
            ],
            "authors": [
                {
                    "name": "Gert de Pagter",
                    "email": "BackEndTea@gmail.com"
                },
                {
                    "name": "Symfony Community",
                    "homepage": "https://symfony.com/contributors"
                }
            ],
            "description": "Symfony polyfill for ctype functions",
            "homepage": "https://symfony.com",
            "keywords": [
                "compatibility",
                "ctype",
                "polyfill",
                "portable"
            ],
            "support": {
                "source": "https://github.com/symfony/polyfill-ctype/tree/v1.22.1"
            },
            "funding": [
                {
                    "url": "https://symfony.com/sponsor",
                    "type": "custom"
                },
                {
                    "url": "https://github.com/fabpot",
                    "type": "github"
                },
                {
                    "url": "https://tidelift.com/funding/github/packagist/symfony/symfony",
                    "type": "tidelift"
                }
            ],
            "time": "2021-01-07T16:49:33+00:00"
        },
        {
            "name": "symfony/polyfill-mbstring",
            "version": "v1.22.1",
            "source": {
                "type": "git",
                "url": "https://github.com/symfony/polyfill-mbstring.git",
                "reference": "5232de97ee3b75b0360528dae24e73db49566ab1"
            },
            "dist": {
                "type": "zip",
                "url": "https://api.github.com/repos/symfony/polyfill-mbstring/zipball/5232de97ee3b75b0360528dae24e73db49566ab1",
                "reference": "5232de97ee3b75b0360528dae24e73db49566ab1",
                "shasum": ""
            },
            "require": {
                "php": ">=7.1"
            },
            "suggest": {
                "ext-mbstring": "For best performance"
            },
            "type": "library",
            "extra": {
                "branch-alias": {
                    "dev-main": "1.22-dev"
                },
                "thanks": {
                    "name": "symfony/polyfill",
                    "url": "https://github.com/symfony/polyfill"
                }
            },
            "autoload": {
                "psr-4": {
                    "Symfony\\Polyfill\\Mbstring\\": ""
                },
                "files": [
                    "bootstrap.php"
                ]
            },
            "notification-url": "https://packagist.org/downloads/",
            "license": [
                "MIT"
            ],
            "authors": [
                {
                    "name": "Nicolas Grekas",
                    "email": "p@tchwork.com"
                },
                {
                    "name": "Symfony Community",
                    "homepage": "https://symfony.com/contributors"
                }
            ],
            "description": "Symfony polyfill for the Mbstring extension",
            "homepage": "https://symfony.com",
            "keywords": [
                "compatibility",
                "mbstring",
                "polyfill",
                "portable",
                "shim"
            ],
            "support": {
                "source": "https://github.com/symfony/polyfill-mbstring/tree/v1.22.1"
            },
            "funding": [
                {
                    "url": "https://symfony.com/sponsor",
                    "type": "custom"
                },
                {
                    "url": "https://github.com/fabpot",
                    "type": "github"
                },
                {
                    "url": "https://tidelift.com/funding/github/packagist/symfony/symfony",
                    "type": "tidelift"
                }
            ],
            "time": "2021-01-22T09:19:47+00:00"
        },
        {
            "name": "twig/extensions",
            "version": "v1.5.4",
            "source": {
                "type": "git",
                "url": "https://github.com/twigphp/Twig-extensions.git",
                "reference": "57873c8b0c1be51caa47df2cdb824490beb16202"
            },
            "dist": {
                "type": "zip",
                "url": "https://api.github.com/repos/twigphp/Twig-extensions/zipball/57873c8b0c1be51caa47df2cdb824490beb16202",
                "reference": "57873c8b0c1be51caa47df2cdb824490beb16202",
                "shasum": ""
            },
            "require": {
                "twig/twig": "^1.27|^2.0"
            },
            "require-dev": {
                "symfony/phpunit-bridge": "^3.4",
                "symfony/translation": "^2.7|^3.4"
            },
            "suggest": {
                "symfony/translation": "Allow the time_diff output to be translated"
            },
            "type": "library",
            "extra": {
                "branch-alias": {
                    "dev-master": "1.5-dev"
                }
            },
            "autoload": {
                "psr-0": {
                    "Twig_Extensions_": "lib/"
                },
                "psr-4": {
                    "Twig\\Extensions\\": "src/"
                }
            },
            "notification-url": "https://packagist.org/downloads/",
            "license": [
                "MIT"
            ],
            "authors": [
                {
                    "name": "Fabien Potencier",
                    "email": "fabien@symfony.com"
                }
            ],
            "description": "Common additional features for Twig that do not directly belong in core",
            "keywords": [
                "i18n",
                "text"
            ],
            "support": {
                "issues": "https://github.com/twigphp/Twig-extensions/issues",
                "source": "https://github.com/twigphp/Twig-extensions/tree/master"
            },
            "abandoned": true,
            "time": "2018-12-05T18:34:18+00:00"
        },
        {
            "name": "twig/twig",
            "version": "v2.14.4",
            "source": {
                "type": "git",
                "url": "https://github.com/twigphp/Twig.git",
                "reference": "0b4ba691fb99ec7952d25deb36c0a83061b93bbf"
            },
            "dist": {
                "type": "zip",
                "url": "https://api.github.com/repos/twigphp/Twig/zipball/0b4ba691fb99ec7952d25deb36c0a83061b93bbf",
                "reference": "0b4ba691fb99ec7952d25deb36c0a83061b93bbf",
                "shasum": ""
            },
            "require": {
                "php": ">=7.2.5",
                "symfony/polyfill-ctype": "^1.8",
                "symfony/polyfill-mbstring": "^1.3"
            },
            "require-dev": {
                "psr/container": "^1.0",
                "symfony/phpunit-bridge": "^4.4.9|^5.0.9"
            },
            "type": "library",
            "extra": {
                "branch-alias": {
                    "dev-master": "2.14-dev"
                }
            },
            "autoload": {
                "psr-0": {
                    "Twig_": "lib/"
                },
                "psr-4": {
                    "Twig\\": "src/"
                }
            },
            "notification-url": "https://packagist.org/downloads/",
            "license": [
                "BSD-3-Clause"
            ],
            "authors": [
                {
                    "name": "Fabien Potencier",
                    "email": "fabien@symfony.com",
                    "homepage": "http://fabien.potencier.org",
                    "role": "Lead Developer"
                },
                {
                    "name": "Twig Team",
                    "role": "Contributors"
                },
                {
                    "name": "Armin Ronacher",
                    "email": "armin.ronacher@active-4.com",
                    "role": "Project Founder"
                }
            ],
            "description": "Twig, the flexible, fast, and secure template language for PHP",
            "homepage": "https://twig.symfony.com",
            "keywords": [
                "templating"
            ],
            "support": {
                "issues": "https://github.com/twigphp/Twig/issues",
                "source": "https://github.com/twigphp/Twig/tree/v2.14.4"
            },
            "funding": [
                {
                    "url": "https://github.com/fabpot",
                    "type": "github"
                },
                {
                    "url": "https://tidelift.com/funding/github/packagist/twig/twig",
                    "type": "tidelift"
                }
            ],
            "time": "2021-03-10T10:05:55+00:00"
        }
    ],
    "packages-dev": [
        {
            "name": "gettext/gettext",
            "version": "v4.8.4",
            "source": {
                "type": "git",
                "url": "https://github.com/php-gettext/Gettext.git",
                "reference": "58bc0f7f37e78efb0f9758f93d4a0f669f0f84a1"
            },
            "dist": {
                "type": "zip",
                "url": "https://api.github.com/repos/php-gettext/Gettext/zipball/58bc0f7f37e78efb0f9758f93d4a0f669f0f84a1",
                "reference": "58bc0f7f37e78efb0f9758f93d4a0f669f0f84a1",
                "shasum": ""
            },
            "require": {
                "gettext/languages": "^2.3",
                "php": ">=5.4.0"
            },
            "require-dev": {
                "illuminate/view": "*",
                "phpunit/phpunit": "^4.8|^5.7|^6.5",
                "squizlabs/php_codesniffer": "^3.0",
                "symfony/yaml": "~2",
                "twig/extensions": "*",
                "twig/twig": "^1.31|^2.0"
            },
            "suggest": {
                "illuminate/view": "Is necessary if you want to use the Blade extractor",
                "symfony/yaml": "Is necessary if you want to use the Yaml extractor/generator",
                "twig/extensions": "Is necessary if you want to use the Twig extractor",
                "twig/twig": "Is necessary if you want to use the Twig extractor"
            },
            "type": "library",
            "autoload": {
                "psr-4": {
                    "Gettext\\": "src"
                }
            },
            "notification-url": "https://packagist.org/downloads/",
            "license": [
                "MIT"
            ],
            "authors": [
                {
                    "name": "Oscar Otero",
                    "email": "oom@oscarotero.com",
                    "homepage": "http://oscarotero.com",
                    "role": "Developer"
                }
            ],
            "description": "PHP gettext manager",
            "homepage": "https://github.com/oscarotero/Gettext",
            "keywords": [
                "JS",
                "gettext",
                "i18n",
                "mo",
                "po",
                "translation"
            ],
            "support": {
                "email": "oom@oscarotero.com",
                "issues": "https://github.com/oscarotero/Gettext/issues",
                "source": "https://github.com/php-gettext/Gettext/tree/v4.8.4"
            },
            "funding": [
                {
                    "url": "https://paypal.me/oscarotero",
                    "type": "custom"
                },
                {
                    "url": "https://github.com/oscarotero",
                    "type": "github"
                },
                {
                    "url": "https://www.patreon.com/misteroom",
                    "type": "patreon"
                }
            ],
            "time": "2021-03-10T19:35:49+00:00"
        },
        {
            "name": "gettext/languages",
            "version": "2.6.0",
            "source": {
                "type": "git",
                "url": "https://github.com/php-gettext/Languages.git",
                "reference": "38ea0482f649e0802e475f0ed19fa993bcb7a618"
            },
            "dist": {
                "type": "zip",
                "url": "https://api.github.com/repos/php-gettext/Languages/zipball/38ea0482f649e0802e475f0ed19fa993bcb7a618",
                "reference": "38ea0482f649e0802e475f0ed19fa993bcb7a618",
                "shasum": ""
            },
            "require": {
                "php": ">=5.3"
            },
            "require-dev": {
                "friendsofphp/php-cs-fixer": "^2.16.0",
                "phpunit/phpunit": "^4.8 || ^5.7 || ^6.5 || ^7.5 || ^8.4"
            },
            "bin": [
                "bin/export-plural-rules"
            ],
            "type": "library",
            "autoload": {
                "psr-4": {
                    "Gettext\\Languages\\": "src/"
                }
            },
            "notification-url": "https://packagist.org/downloads/",
            "license": [
                "MIT"
            ],
            "authors": [
                {
                    "name": "Michele Locati",
                    "email": "mlocati@gmail.com",
                    "role": "Developer"
                }
            ],
            "description": "gettext languages with plural rules",
            "homepage": "https://github.com/php-gettext/Languages",
            "keywords": [
                "cldr",
                "i18n",
                "internationalization",
                "l10n",
                "language",
                "languages",
                "localization",
                "php",
                "plural",
                "plural rules",
                "plurals",
                "translate",
                "translations",
                "unicode"
            ],
            "support": {
                "issues": "https://github.com/php-gettext/Languages/issues",
                "source": "https://github.com/php-gettext/Languages/tree/2.6.0"
            },
            "time": "2019-11-13T10:30:21+00:00"
        },
        {
            "name": "hostlink/puxt-db",
            "version": "1.0.1",
            "source": {
                "type": "git",
                "url": "https://github.com/HostLink/puxt-db.git",
                "reference": "ff1233d0026aea23c2b28f76ec15e7c17c587ef6"
            },
            "dist": {
                "type": "zip",
                "url": "https://api.github.com/repos/HostLink/puxt-db/zipball/ff1233d0026aea23c2b28f76ec15e7c17c587ef6",
                "reference": "ff1233d0026aea23c2b28f76ec15e7c17c587ef6",
                "shasum": ""
            },
            "require": {
                "mathsgod/r-db": "^3.7"
            },
            "type": "library",
            "notification-url": "https://packagist.org/downloads/",
            "license": [
                "MIT"
            ],
            "authors": [
                {
                    "name": "Raymond Chong",
                    "email": "mathsgod@yahoo.com"
                }
            ],
            "description": "puxt db library",
            "support": {
                "issues": "https://github.com/HostLink/puxt-db/issues",
                "source": "https://github.com/HostLink/puxt-db/tree/1.0.1"
            },
            "time": "2020-12-28T07:05:02+00:00"
        },
        {
            "name": "hostlink/puxt-i18n",
            "version": "1.2.3",
            "source": {
                "type": "git",
                "url": "https://mathsgod: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@github.com/HostLink/puxt-i18n.git",
                "reference": "cfe7aeb709c3fcc341de7512768424dfe87ac78c"
            },
            "require": {
                "gettext/gettext": "^4.8",
                "mathsgod/r-translate": "^1.0",
                "twig/extensions": "^1.5",
                "twig/twig": "^2.12"
            },
            "type": "library",
            "authors": [
                {
                    "name": "Raymond Chong",
                    "email": "mathsgod@yahoo.com"
                }
            ],
            "description": "translation module for puxt",
            "time": "2021-01-06T08:20:32+00:00"
        },
        {
            "name": "hostlink/puxt-log",
            "version": "1.0.0",
            "source": {
                "type": "git",
                "url": "https://github.com/HostLink/puxt-log.git",
                "reference": "efe20ee08a288bf41a7ccab2f0add9653fb9a8f3"
            },
            "dist": {
                "type": "zip",
                "url": "https://api.github.com/repos/HostLink/puxt-log/zipball/efe20ee08a288bf41a7ccab2f0add9653fb9a8f3",
                "reference": "efe20ee08a288bf41a7ccab2f0add9653fb9a8f3",
                "shasum": ""
            },
            "require": {
                "monolog/monolog": "^1.26"
            },
            "type": "library",
            "notification-url": "https://packagist.org/downloads/",
            "license": [
                "MIT"
            ],
            "authors": [
                {
                    "name": "Raymond Chong",
                    "email": "mathsgod@yahoo.com"
                }
            ],
            "description": "A logger for puxt",
            "support": {
                "issues": "https://github.com/HostLink/puxt-log/issues",
                "source": "https://github.com/HostLink/puxt-log/tree/1.0.0"
            },
            "time": "2021-01-07T03:03:10+00:00"
        },
        {
            "name": "hostlink/puxt-vue-loader",
            "version": "1.0.0",
            "source": {
                "type": "git",
                "url": "https://github.com/HostLink/puxt-vue-loader.git",
                "reference": "95170278914259f1a1f35996c9f4f33c8fc3e3ba"
            },
            "dist": {
                "type": "zip",
                "url": "https://api.github.com/repos/HostLink/puxt-vue-loader/zipball/95170278914259f1a1f35996c9f4f33c8fc3e3ba",
                "reference": "95170278914259f1a1f35996c9f4f33c8fc3e3ba",
                "shasum": ""
            },
            "type": "library",
            "notification-url": "https://packagist.org/downloads/",
            "license": [
                "MIT"
            ],
            "authors": [
                {
                    "name": "Raymond Chong",
                    "email": "mathsgod@yahoo.com"
                }
            ],
            "description": "A vue loader for puxt",
            "support": {
                "issues": "https://github.com/HostLink/puxt-vue-loader/issues",
                "source": "https://github.com/HostLink/puxt-vue-loader/tree/1.0.0"
            },
            "time": "2021-01-07T06:15:27+00:00"
        },
        {
            "name": "mathsgod/data-structure",
            "version": "1.4.0",
            "source": {
                "type": "git",
                "url": "https://github.com/mathsgod/data-structure.git",
                "reference": "75c7bcabe68a6b77ba43e39400858285a1d69676"
            },
            "dist": {
                "type": "zip",
                "url": "https://api.github.com/repos/mathsgod/data-structure/zipball/75c7bcabe68a6b77ba43e39400858285a1d69676",
                "reference": "75c7bcabe68a6b77ba43e39400858285a1d69676",
                "shasum": ""
            },
            "require": {
                "mathsgod/php-util": "^1.0",
                "php": ">=7.3"
            },
            "require-dev": {
                "phpunit/phpunit": "^9.5"
            },
            "type": "library",
            "autoload": {
                "psr-4": {
                    "R\\": "src"
                }
            },
            "notification-url": "https://packagist.org/downloads/",
            "license": [
                "MIT"
            ],
            "authors": [
                {
                    "name": "Raymond Chong",
                    "email": "mathsgod@yahoo.com"
                }
            ],
            "description": "Data structure",
            "support": {
                "issues": "https://github.com/mathsgod/data-structure/issues",
                "source": "https://github.com/mathsgod/data-structure/tree/1.4.0"
            },
            "time": "2021-04-08T03:53:44+00:00"
        },
        {
            "name": "mathsgod/php-util",
            "version": "1.3.0",
            "source": {
                "type": "git",
                "url": "https://github.com/mathsgod/php-util.git",
                "reference": "bb878bf9b0c5dbf5154ad71c899cdbd1a05b4df4"
            },
            "dist": {
                "type": "zip",
                "url": "https://api.github.com/repos/mathsgod/php-util/zipball/bb878bf9b0c5dbf5154ad71c899cdbd1a05b4df4",
                "reference": "bb878bf9b0c5dbf5154ad71c899cdbd1a05b4df4",
                "shasum": ""
            },
            "require": {
                "php": ">=7.3"
            },
            "require-dev": {
                "phpunit/phpunit": "^9.5"
            },
            "type": "library",
            "autoload": {
                "psr-4": {
                    "PHP\\Util\\": "src/"
                },
                "files": [
                    "function/function.php"
                ]
            },
            "notification-url": "https://packagist.org/downloads/",
            "license": [
                "MIT"
            ],
            "authors": [
                {
                    "name": "Raymond Chong",
                    "email": "mathsgod@yahoo.com"
                }
            ],
            "description": "a simple php util for data structure",
            "support": {
                "issues": "https://github.com/mathsgod/php-util/issues",
                "source": "https://github.com/mathsgod/php-util/tree/1.3.0"
            },
            "time": "2021-04-12T04:37:52+00:00"
        },
        {
            "name": "mathsgod/r-db",
            "version": "3.12.0",
            "source": {
                "type": "git",
                "url": "https://github.com/mathsgod/r-db.git",
                "reference": "2789b7338da20489ca1703d281b56cb14e1400c0"
            },
            "dist": {
                "type": "zip",
                "url": "https://api.github.com/repos/mathsgod/r-db/zipball/2789b7338da20489ca1703d281b56cb14e1400c0",
                "reference": "2789b7338da20489ca1703d281b56cb14e1400c0",
                "shasum": ""
            },
            "require": {
                "ext-pdo": "*",
                "mathsgod/data-structure": "^1.3",
                "mathsgod/php-util": "^1.1",
                "php": ">=7.3",
                "psr/log": "^1.1"
            },
            "require-dev": {
                "phpunit/phpunit": "^9.5"
            },
            "type": "library",
            "autoload": {
                "psr-4": {
                    "R\\": "src"
                }
            },
            "notification-url": "https://packagist.org/downloads/",
            "license": [
                "proprietary"
            ],
            "authors": [
                {
                    "name": "Raymond Chong"
                }
            ],
            "description": "raymond framework db",
            "support": {
                "issues": "https://github.com/mathsgod/r-db/issues",
                "source": "https://github.com/mathsgod/r-db/tree/3.12.0"
            },
            "time": "2021-04-29T08:57:58+00:00"
        },
        {
            "name": "mathsgod/r-translate",
            "version": "1.0.3",
            "source": {
                "type": "git",
                "url": "https://github.com/mathsgod/r-translate.git",
                "reference": "bdba467edfd197091e21635c4e0962f05bd1712f"
            },
            "dist": {
                "type": "zip",
                "url": "https://api.github.com/repos/mathsgod/r-translate/zipball/bdba467edfd197091e21635c4e0962f05bd1712f",
                "reference": "bdba467edfd197091e21635c4e0962f05bd1712f",
                "shasum": ""
            },
            "require-dev": {
                "phpunit/phpunit": "*"
            },
            "type": "library",
            "autoload": {
                "psr-4": {
                    "R\\": "src"
                }
            },
            "notification-url": "https://packagist.org/downloads/",
            "authors": [
                {
                    "name": "Raymond Chong",
                    "email": "mathsgod@yahoo.com"
                }
            ],
            "description": "Using google translate to translate word",
            "support": {
                "issues": "https://github.com/mathsgod/r-translate/issues",
                "source": "https://github.com/mathsgod/r-translate/tree/1.0.3"
            },
            "time": "2020-12-24T08:32:45+00:00"
        },
        {
            "name": "monolog/monolog",
            "version": "1.26.0",
            "source": {
                "type": "git",
                "url": "https://github.com/Seldaek/monolog.git",
                "reference": "2209ddd84e7ef1256b7af205d0717fb62cfc9c33"
            },
            "dist": {
                "type": "zip",
                "url": "https://api.github.com/repos/Seldaek/monolog/zipball/2209ddd84e7ef1256b7af205d0717fb62cfc9c33",
                "reference": "2209ddd84e7ef1256b7af205d0717fb62cfc9c33",
                "shasum": ""
            },
            "require": {
                "php": ">=5.3.0",
                "psr/log": "~1.0"
            },
            "provide": {
                "psr/log-implementation": "1.0.0"
            },
            "require-dev": {
                "aws/aws-sdk-php": "^2.4.9 || ^3.0",
                "doctrine/couchdb": "~1.0@dev",
                "graylog2/gelf-php": "~1.0",
                "php-amqplib/php-amqplib": "~2.4",
                "php-console/php-console": "^3.1.3",
                "phpstan/phpstan": "^0.12.59",
                "phpunit/phpunit": "~4.5",
                "ruflin/elastica": ">=0.90 <3.0",
                "sentry/sentry": "^0.13",
                "swiftmailer/swiftmailer": "^5.3|^6.0"
            },
            "suggest": {
                "aws/aws-sdk-php": "Allow sending log messages to AWS services like DynamoDB",
                "doctrine/couchdb": "Allow sending log messages to a CouchDB server",
                "ext-amqp": "Allow sending log messages to an AMQP server (1.0+ required)",
                "ext-mongo": "Allow sending log messages to a MongoDB server",
                "graylog2/gelf-php": "Allow sending log messages to a GrayLog2 server",
                "mongodb/mongodb": "Allow sending log messages to a MongoDB server via PHP Driver",
                "php-amqplib/php-amqplib": "Allow sending log messages to an AMQP server using php-amqplib",
                "php-console/php-console": "Allow sending log messages to Google Chrome",
                "rollbar/rollbar": "Allow sending log messages to Rollbar",
                "ruflin/elastica": "Allow sending log messages to an Elastic Search server",
                "sentry/sentry": "Allow sending log messages to a Sentry server"
            },
            "type": "library",
            "autoload": {
                "psr-4": {
                    "Monolog\\": "src/Monolog"
                }
            },
            "notification-url": "https://packagist.org/downloads/",
            "license": [
                "MIT"
            ],
            "authors": [
                {
                    "name": "Jordi Boggiano",
                    "email": "j.boggiano@seld.be",
                    "homepage": "http://seld.be"
                }
            ],
            "description": "Sends your logs to files, sockets, inboxes, databases and various web services",
            "homepage": "http://github.com/Seldaek/monolog",
            "keywords": [
                "log",
                "logging",
                "psr-3"
            ],
            "support": {
                "issues": "https://github.com/Seldaek/monolog/issues",
                "source": "https://github.com/Seldaek/monolog/tree/1.26.0"
            },
            "funding": [
                {
                    "url": "https://github.com/Seldaek",
                    "type": "github"
                },
                {
                    "url": "https://tidelift.com/funding/github/packagist/monolog/monolog",
                    "type": "tidelift"
                }
            ],
            "time": "2020-12-14T12:56:38+00:00"
        },
        {
            "name": "psr/log",
            "version": "1.1.4",
            "source": {
                "type": "git",
                "url": "https://github.com/php-fig/log.git",
                "reference": "d49695b909c3b7628b6289db5479a1c204601f11"
            },
            "dist": {
                "type": "zip",
                "url": "https://api.github.com/repos/php-fig/log/zipball/d49695b909c3b7628b6289db5479a1c204601f11",
                "reference": "d49695b909c3b7628b6289db5479a1c204601f11",
                "shasum": ""
            },
            "require": {
                "php": ">=5.3.0"
            },
            "type": "library",
            "extra": {
                "branch-alias": {
                    "dev-master": "1.1.x-dev"
                }
            },
            "autoload": {
                "psr-4": {
                    "Psr\\Log\\": "Psr/Log/"
                }
            },
            "notification-url": "https://packagist.org/downloads/",
            "license": [
                "MIT"
            ],
            "authors": [
                {
                    "name": "PHP-FIG",
                    "homepage": "https://www.php-fig.org/"
                }
            ],
            "description": "Common interface for logging libraries",
            "homepage": "https://github.com/php-fig/log",
            "keywords": [
                "log",
                "psr",
                "psr-3"
            ],
            "support": {
                "source": "https://github.com/php-fig/log/tree/1.1.4"
            },
            "time": "2021-05-03T11:20:27+00:00"
        }
    ],
    "aliases": [],
    "minimum-stability": "stable",
    "stability-flags": [],
    "prefer-stable": false,
    "prefer-lowest": false,
    "platform": {
        "php": "^7.3 || ~8.0.0"
    },
    "platform-dev": [],
    "plugin-api-version": "2.0.0"
}
